
Microsoft Visual Studio Solution File, Format Version 12.00
# Visual Studio Version 16
VisualStudioVersion = 16.0.31005.135
MinimumVisualStudioVersion = 10.0.40219.1
Project("{FAE04EC0-301F-11D3-BF4B-00C04F79EFBC}") = "kaplya", "kaplya\kaplya.csproj", "{F3042D01-9B98-483A-8182-22D45C3A65D3}"
EndProject
Global
	GlobalSection(SolutionConfigurationPlatforms) = preSolution
		Debug|Any CPU = Debug|Any CPU
		Release|Any CPU = Release|Any CPU
	EndGlobalSection
	GlobalSection(ProjectConfigurationPlatforms) = postSolution
		{F3042D01-9B98-483A-8182-22D45C3A65D3}.Debug|Any CPU.ActiveCfg = Debug|Any CPU
		{F3042D01-9B98-483A-8182-22D45C3A65D3}.Debug|Any CPU.Build.0 = Debug|Any CPU
		{F3042D01-9B98-483A-8182-22D45C3A65D3}.Release|Any CPU.ActiveCfg = Release|Any CPU
		{F3042D01-9B98-483A-8182-22D45C3A65D3}.Release|Any CPU.Build.0 = Release|Any CPU
	EndGlobalSection
	GlobalSection(SolutionProperties) = preSolution
		HideSolutionNode = FALSE
	EndGlobalSection
	GlobalSection(ExtensibilityGlobals) = postSolution
		SolutionGuid = {4D9B8A9D-A168-4DD3-B120-4E0288EBCAE1}
	EndGlobalSection
EndGlobal
